
Microsoft Visual Studio Solution File, Format Version 12.00
# Visual Studio 15
VisualStudioVersion = 15.0.28010.2026
MinimumVisualStudioVersion = 10.0.40219.1
Project("{FAE04EC0-301F-11D3-BF4B-00C04F79EFBC}") = "OrderService2", "OrderService2\OrderService2.csproj", "{FA5AC803-087C-47F3-A53B-D2F8D1CEEA8A}"
EndProject
Project("{FAE04EC0-301F-11D3-BF4B-00C04F79EFBC}") = "OrderService2Tests", "OrderService2Tests\OrderService2Tests.csproj", "{34CC34E9-6B4A-402B-8FE6-9C10AF1A344C}"
EndProject
Global
	GlobalSection(SolutionConfigurationPlatforms) = preSolution
		Debug|Any CPU = Debug|Any CPU
		Release|Any CPU = Release|Any CPU
	EndGlobalSection
	GlobalSection(ProjectConfigurationPlatforms) = postSolution
		{FA5AC803-087C-47F3-A53B-D2F8D1CEEA8A}.Debug|Any CPU.ActiveCfg = Debug|Any CPU
		{FA5AC803-087C-47F3-A53B-D2F8D1CEEA8A}.Debug|Any CPU.Build.0 = Debug|Any CPU
		{FA5AC803-087C-47F3-A53B-D2F8D1CEEA8A}.Release|Any CPU.ActiveCfg = Release|Any CPU
		{FA5AC803-087C-47F3-A53B-D2F8D1CEEA8A}.Release|Any CPU.Build.0 = Release|Any CPU
		{34CC34E9-6B4A-402B-8FE6-9C10AF1A344C}.Debug|Any CPU.ActiveCfg = Debug|Any CPU
		{34CC34E9-6B4A-402B-8FE6-9C10AF1A344C}.Debug|Any CPU.Build.0 = Debug|Any CPU
		{34CC34E9-6B4A-402B-8FE6-9C10AF1A344C}.Release|Any CPU.ActiveCfg = Release|Any CPU
		{34CC34E9-6B4A-402B-8FE6-9C10AF1A344C}.Release|Any CPU.Build.0 = Release|Any CPU
	EndGlobalSection
	GlobalSection(SolutionProperties) = preSolution
		HideSolutionNode = FALSE
	EndGlobalSection
	GlobalSection(ExtensibilityGlobals) = postSolution
		SolutionGuid = {CC746989-075E-4207-8FD5-108C3F042268}
	EndGlobalSection
EndGlobal
